# This file is autogenerated, do not edit; changes may be undone by the next 'dep ensure'.


[[projects]]
  digest = "1:2f8f9b60ebe029a83f92a7549926145eb6014c01d256946058a5a8768efd4522"
  name = "github.com/sirupsen/logrus"
  packages = ["."]
  pruneopts = ""
  revision = "6699a89a232f3db797f2e280639854bbc4b89725"
  version = "v1.7.0"

[[projects]]
  branch = "master"
  digest = "1:3d2a2835773ff2a9149219731e5acb01cc3dd0f46cc503bf2575c584eea4dfac"
  name = "golang.org/x/sys"
  packages = [
    "internal/unsafeheader",
    "unix",
    "windows",
  ]
  pruneopts = ""
  revision = "f84b799fce68db3cb46a8f6f819c1e56377181df"

[solve-meta]
  analyzer-name = "dep"
  analyzer-version = 1
  input-imports = ["github.com/sirupsen/logrus"]
  solver-name = "gps-cdcl"
  solver-version = 1
